dependencies:
  espressif/esp_ot_cli_extension:
    component_hash: 3420518e85bfadb957f5f70e7773a7ae5bd04d8cc8b35bc16081902cfdd77ac6
    source:
      service_url: https://api.components.espressif.com/
      type: service
    version: 1.0.2
  idf:
    component_hash: null
    source:
      type: idf
    version: 5.2.1
  iperf:
    component_hash: null
    source:
      path: D:\Users\waelk\v5.2.1\esp-idf\examples\common_components\iperf
      type: local
    version: '*'
manifest_hash: 230a7fa15f6b6d807bd1dd879ee2cf88743fe095be26d819e1ef410e0b012d47
target: esp32c6
version: 1.0.0
